{
  "name": "niu-cloud-cli",
  "version": "1.1.0",
  "lockfileVersion": 1,
  "requires": true,
  "dependencies": {
    "@sindresorhus/is": {
      "version": "5.3.0",
      "resolved": "https://registry.npmjs.org/@sindresorhus/is/-/is-5.3.0.tgz",
      "integrity": "sha512-CX6t4SYQ37lzxicAqsBtxA3OseeoVrh9cSJ5PFYam0GksYlupRfy1A+Q4aYD3zvcfECLc0zO2u+ZnR2UYKvCrw=="
    },
    "@szmarczak/http-timer": {
      "version": "5.0.1",
      "resolved": "https://registry.npmjs.org/@szmarczak/http-timer/-/http-timer-5.0.1.tgz",
      "integrity": "sha512-+PmQX0PiAYPMeVYe237LJAYvOMYW1j2rH5YROyS3b4CTVJum34HfRvKvAzozHAQG0TnHNdUfY9nCeUyRAs//cw==",
      "requires": {
        "defer-to-connect": "^2.0.1"
      }
    },
    "@types/color-name": {
      "version": "1.1.1",
      "resolved": "https://registry.npmjs.org/@types/color-name/-/color-name-1.1.1.tgz",
      "integrity": "sha512-rr+OQyAjxze7GgWrSaJwydHStIhHq2lvY3BOC2Mj7KnzI7XK0Uw1TOOdI9lDoajEbSWLiYgoo4f1R51erQfhPQ=="
    },
    "@types/http-cache-semantics": {
      "version": "4.0.1",
      "resolved": "https://registry.npmjs.org/@types/http-cache-semantics/-/http-cache-semantics-4.0.1.tgz",
      "integrity": "sha512-SZs7ekbP8CN0txVG2xVRH6EgKmEm31BOxA07vkFaETzZz1xh+cbt8BcI0slpymvwhx5dlFnQG2rTlPVQn+iRPQ=="
    },
    "ansi-regex": {
      "version": "5.0.1",
      "resolved": "https://registry.npmjs.org/ansi-regex/-/ansi-regex-5.0.1.tgz",
      "integrity": "sha512-quJQXlTSUGL2LH9SUXo8VwsY4soanhgo6LNSm84E1LBcE8s3O0wpdiRzyR9z/ZZJMlMWv37qOOb9pdJlMUEKFQ=="
    },
    "ansi-styles": {
      "version": "4.2.1",
      "resolved": "https://registry.npmjs.org/ansi-styles/-/ansi-styles-4.2.1.tgz",
      "integrity": "sha512-9VGjrMsG1vePxcSweQsN20KY/c4zN0h9fLjqAbwbPfahM3t+NL+M9HC8xeXG2I8pX5NoamTGNuomEUFI7fcUjA==",
      "requires": {
        "@types/color-name": "^1.1.1",
        "color-convert": "^2.0.1"
      }
    },
    "cacheable-lookup": {
      "version": "7.0.0",
      "resolved": "https://registry.npmjs.org/cacheable-lookup/-/cacheable-lookup-7.0.0.tgz",
      "integrity": "sha512-+qJyx4xiKra8mZrcwhjMRMUhD5NR1R8esPkzIYxX96JiecFoxAXFuz/GpR3+ev4PE1WamHip78wV0vcmPQtp8w=="
    },
    "cacheable-request": {
      "version": "10.2.7",
      "resolved": "https://registry.npmjs.org/cacheable-request/-/cacheable-request-10.2.7.tgz",
      "integrity": "sha512-I4SA6mKgDxcxVbSt/UmIkb9Ny8qSkg6ReBHtAAXnZHk7KOSx5g3DTiAOaYzcHCs6oOdHn+bip9T48E6tMvK9hw==",
      "requires": {
        "@types/http-cache-semantics": "^4.0.1",
        "get-stream": "^6.0.1",
        "http-cache-semantics": "^4.1.1",
        "keyv": "^4.5.2",
        "mimic-response": "^4.0.0",
        "normalize-url": "^8.0.0",
        "responselike": "^3.0.0"
      }
    },
    "cliui": {
      "version": "7.0.1",
      "resolved": "https://registry.npmjs.org/cliui/-/cliui-7.0.1.tgz",
      "integrity": "sha512-rcvHOWyGyid6I1WjT/3NatKj2kDt9OdSHSXpyLXaMWFbKpGACNW8pRhhdPUq9MWUOdwn8Rz9AVETjF4105rZZQ==",
      "requires": {
        "string-width": "^4.2.0",
        "strip-ansi": "^6.0.0",
        "wrap-ansi": "^7.0.0"
      }
    },
    "color-convert": {
      "version": "2.0.1",
      "resolved": "https://registry.npmjs.org/color-convert/-/color-convert-2.0.1.tgz",
      "integrity": "sha512-RRECPsj7iu/xb5oKYcsFHSppFNnsj/52OVTRKb4zP5onXwVF3zVmmToNcOfGC+CRDpfK/U584fMg38ZHCaElKQ==",
      "requires": {
        "color-name": "~1.1.4"
      }
    },
    "color-name": {
      "version": "1.1.4",
      "resolved": "https://registry.npmjs.org/color-name/-/color-name-1.1.4.tgz",
      "integrity": "sha512-dOy+3AuW3a2wNbZHIuMZpTcgjGuLU/uBL/ubcZF9OXbDo8ff4O8yVp5Bf0efS8uEoYo5q4Fx7dY9OgQGXgAsQA=="
    },
    "decompress-response": {
      "version": "6.0.0",
      "resolved": "https://registry.npmjs.org/decompress-response/-/decompress-response-6.0.0.tgz",
      "integrity": "sha512-aW35yZM6Bb/4oJlZncMH2LCoZtJXTRxES17vE3hoRiowU2kWHaJKFkSBDnDR+cm9J+9QhXmREyIfv0pji9ejCQ==",
      "requires": {
        "mimic-response": "^3.1.0"
      },
      "dependencies": {
        "mimic-response": {
          "version": "3.1.0",
          "resolved": "https://registry.npmjs.org/mimic-response/-/mimic-response-3.1.0.tgz",
          "integrity": "sha512-z0yWI+4FDrrweS8Zmt4Ej5HdJmky15+L2e6Wgn3+iK5fWzb6T3fhNFq2+MeTRb064c6Wr4N/wv0DzQTjNzHNGQ=="
        }
      }
    },
    "defer-to-connect": {
      "version": "2.0.1",
      "resolved": "https://registry.npmjs.org/defer-to-connect/-/defer-to-connect-2.0.1.tgz",
      "integrity": "sha512-4tvttepXG1VaYGrRibk5EwJd1t4udunSOVMdLSAL6mId1ix438oPwPZMALY41FCijukO1L0twNcGsdzS7dHgDg=="
    },
    "emoji-regex": {
      "version": "8.0.0",
      "resolved": "https://registry.npmjs.org/emoji-regex/-/emoji-regex-8.0.0.tgz",
      "integrity": "sha512-MSjYzcWNOA0ewAHpz0MxpYFvwg6yjy1NG3xteoqz644VCo/RPgnr1/GGt+ic3iJTzQ8Eu3TdM14SawnVUmGE6A=="
    },
    "escalade": {
      "version": "3.0.2",
      "resolved": "https://registry.npmjs.org/escalade/-/escalade-3.0.2.tgz",
      "integrity": "sha512-gPYAU37hYCUhW5euPeR+Y74F7BL+IBsV93j5cvGriSaD1aG6MGsqsV1yamRdrWrb2j3aiZvb0X+UBOWpx3JWtQ=="
    },
    "form-data-encoder": {
      "version": "2.1.4",
      "resolved": "https://registry.npmjs.org/form-data-encoder/-/form-data-encoder-2.1.4.tgz",
      "integrity": "sha512-yDYSgNMraqvnxiEXO4hi88+YZxaHC6QKzb5N84iRCTDeRO7ZALpir/lVmf/uXUhnwUr2O4HU8s/n6x+yNjQkHw=="
    },
    "get-caller-file": {
      "version": "2.0.5",
      "resolved": "https://registry.npmjs.org/get-caller-file/-/get-caller-file-2.0.5.tgz",
      "integrity": "sha512-DyFP3BM/3YHTQOCUL/w0OZHR0lpKeGrxotcHWcqNEdnltqFwXVfhEBQ94eIo34AfQpo0rGki4cyIiftY06h2Fg=="
    },
    "get-stream": {
      "version": "6.0.1",
      "resolved": "https://registry.npmjs.org/get-stream/-/get-stream-6.0.1.tgz",
      "integrity": "sha512-ts6Wi+2j3jQjqi70w5AlN8DFnkSwC+MqmxEzdEALB2qXZYV3X/b1CTfgPLGJNMeAWxdPfU8FO1ms3NUfaHCPYg=="
    },
    "got": {
      "version": "12.5.3",
      "resolved": "https://registry.npmjs.org/got/-/got-12.5.3.tgz",
      "integrity": "sha512-8wKnb9MGU8IPGRIo+/ukTy9XLJBwDiCpIf5TVzQ9Cpol50eMTpBq2GAuDsuDIz7hTYmZgMgC1e9ydr6kSDWs3w==",
      "requires": {
        "@sindresorhus/is": "^5.2.0",
        "@szmarczak/http-timer": "^5.0.1",
        "cacheable-lookup": "^7.0.0",
        "cacheable-request": "^10.2.1",
        "decompress-response": "^6.0.0",
        "form-data-encoder": "^2.1.2",
        "get-stream": "^6.0.1",
        "http2-wrapper": "^2.1.10",
        "lowercase-keys": "^3.0.0",
        "p-cancelable": "^3.0.0",
        "responselike": "^3.0.0"
      }
    },
    "http-cache-semantics": {
      "version": "4.1.1",
      "resolved": "https://registry.npmjs.org/http-cache-semantics/-/http-cache-semantics-4.1.1.tgz",
      "integrity": "sha512-er295DKPVsV82j5kw1Gjt+ADA/XYHsajl82cGNQG2eyoPkvgUhX+nDIyelzhIWbbsXP39EHcI6l5tYs2FYqYXQ=="
    },
    "http2-wrapper": {
      "version": "2.2.0",
      "resolved": "https://registry.npmjs.org/http2-wrapper/-/http2-wrapper-2.2.0.tgz",
      "integrity": "sha512-kZB0wxMo0sh1PehyjJUWRFEd99KC5TLjZ2cULC4f9iqJBAmKQQXEICjxl5iPJRwP40dpeHFqqhm7tYCvODpqpQ==",
      "requires": {
        "quick-lru": "^5.1.1",
        "resolve-alpn": "^1.2.0"
      }
    },
    "is-fullwidth-code-point": {
      "version": "3.0.0",
      "resolved": "https://registry.npmjs.org/is-fullwidth-code-point/-/is-fullwidth-code-point-3.0.0.tgz",
      "integrity": "sha512-zymm5+u+sCsSWyD9qNaejV3DFvhCKclKdizYaJUuHA83RLjb7nSuGnddCHGv0hk+KY7BMAlsWeK4Ueg6EV6XQg=="
    },
    "json-buffer": {
      "version": "3.0.1",
      "resolved": "https://registry.npmjs.org/json-buffer/-/json-buffer-3.0.1.tgz",
      "integrity": "sha512-4bV5BfR2mqfQTJm+V5tPPdf+ZpuhiIvTuAB5g8kcrXOZpTT/QwwVRWBywX1ozr6lEuPdbHxwaJlm9G6mI2sfSQ=="
    },
    "keyv": {
      "version": "4.5.2",
      "resolved": "https://registry.npmjs.org/keyv/-/keyv-4.5.2.tgz",
      "integrity": "sha512-5MHbFaKn8cNSmVW7BYnijeAVlE4cYA/SVkifVgrh7yotnfhKmjuXpDKjrABLnT0SfHWV21P8ow07OGfRrNDg8g==",
      "requires": {
        "json-buffer": "3.0.1"
      }
    },
    "lowercase-keys": {
      "version": "3.0.0",
      "resolved": "https://registry.npmjs.org/lowercase-keys/-/lowercase-keys-3.0.0.tgz",
      "integrity": "sha512-ozCC6gdQ+glXOQsveKD0YsDy8DSQFjDTz4zyzEHNV5+JP5D62LmfDZ6o1cycFx9ouG940M5dE8C8CTewdj2YWQ=="
    },
    "mimic-response": {
      "version": "4.0.0",
      "resolved": "https://registry.npmjs.org/mimic-response/-/mimic-response-4.0.0.tgz",
      "integrity": "sha512-e5ISH9xMYU0DzrT+jl8q2ze9D6eWBto+I8CNpe+VI+K2J/F/k3PdkdTdz4wvGVH4NTpo+NRYTVIuMQEMMcsLqg=="
    },
    "normalize-url": {
      "version": "8.0.0",
      "resolved": "https://registry.npmjs.org/normalize-url/-/normalize-url-8.0.0.tgz",
      "integrity": "sha512-uVFpKhj5MheNBJRTiMZ9pE/7hD1QTeEvugSJW/OmLzAp78PB5O6adfMNTvmfKhXBkvCzC+rqifWcVYpGFwTjnw=="
    },
    "p-cancelable": {
      "version": "3.0.0",
      "resolved": "https://registry.npmjs.org/p-cancelable/-/p-cancelable-3.0.0.tgz",
      "integrity": "sha512-mlVgR3PGuzlo0MmTdk4cXqXWlwQDLnONTAg6sm62XkMJEiRxN3GL3SffkYvqwonbkJBcrI7Uvv5Zh9yjvn2iUw=="
    },
    "quick-lru": {
      "version": "5.1.1",
      "resolved": "https://registry.npmjs.org/quick-lru/-/quick-lru-5.1.1.tgz",
      "integrity": "sha512-WuyALRjWPDGtt/wzJiadO5AXY+8hZ80hVpe6MyivgraREW751X3SbhRvG3eLKOYN+8VEvqLcf3wdnt44Z4S4SA=="
    },
    "require-directory": {
      "version": "2.1.1",
      "resolved": "https://registry.npmjs.org/require-directory/-/require-directory-2.1.1.tgz",
      "integrity": "sha1-jGStX9MNqxyXbiNE/+f3kqam30I="
    },
    "resolve-alpn": {
      "version": "1.2.1",
      "resolved": "https://registry.npmjs.org/resolve-alpn/-/resolve-alpn-1.2.1.tgz",
      "integrity": "sha512-0a1F4l73/ZFZOakJnQ3FvkJ2+gSTQWz/r2KE5OdDY0TxPm5h4GkqkWWfM47T7HsbnOtcJVEF4epCVy6u7Q3K+g=="
    },
    "responselike": {
      "version": "3.0.0",
      "resolved": "https://registry.npmjs.org/responselike/-/responselike-3.0.0.tgz",
      "integrity": "sha512-40yHxbNcl2+rzXvZuVkrYohathsSJlMTXKryG5y8uciHv1+xDLHQpgjG64JUO9nrEq2jGLH6IZ8BcZyw3wrweg==",
      "requires": {
        "lowercase-keys": "^3.0.0"
      }
    },
    "string-width": {
      "version": "4.2.0",
      "resolved": "https://registry.npmjs.org/string-width/-/string-width-4.2.0.tgz",
      "integrity": "sha512-zUz5JD+tgqtuDjMhwIg5uFVV3dtqZ9yQJlZVfq4I01/K5Paj5UHj7VyrQOJvzawSVlKpObApbfD0Ed6yJc+1eg==",
      "requires": {
        "emoji-regex": "^8.0.0",
        "is-fullwidth-code-point": "^3.0.0",
        "strip-ansi": "^6.0.0"
      }
    },
    "strip-ansi": {
      "version": "6.0.0",
      "resolved": "https://registry.npmjs.org/strip-ansi/-/strip-ansi-6.0.0.tgz",
      "integrity": "sha512-AuvKTrTfQNYNIctbR1K/YGTR1756GycPsg7b9bdV9Duqur4gv6aKqHXah67Z8ImS7WEz5QVcOtlfW2rZEugt6w==",
      "requires": {
        "ansi-regex": "^5.0.0"
      }
    },
    "wrap-ansi": {
      "version": "7.0.0",
      "resolved": "https://registry.npmjs.org/wrap-ansi/-/wrap-ansi-7.0.0.tgz",
      "integrity": "sha512-YVGIj2kamLSTxw6NsZjoBxfSwsn0ycdesmc4p+Q21c5zPuZ1pl+NfxVdxPtdHvmNVOQ6XSYG4AUtyt/Fi7D16Q==",
      "requires": {
        "ansi-styles": "^4.0.0",
        "string-width": "^4.1.0",
        "strip-ansi": "^6.0.0"
      }
    },
    "y18n": {
      "version": "5.0.5",
      "resolved": "https://registry.npmjs.org/y18n/-/y18n-5.0.5.tgz",
      "integrity": "sha512-hsRUr4FFrvhhRH12wOdfs38Gy7k2FFzB9qgN9v3aLykRq0dRcdcpz5C9FxdS2NuhOrI/628b/KSTJ3rwHysYSg=="
    },
    "yargs": {
      "version": "16.0.3",
      "resolved": "https://registry.npmjs.org/yargs/-/yargs-16.0.3.tgz",
      "integrity": "sha512-6+nLw8xa9uK1BOEOykaiYAJVh6/CjxWXK/q9b5FpRgNslt8s22F2xMBqVIKgCRjNgGvGPBy8Vog7WN7yh4amtA==",
      "requires": {
        "cliui": "^7.0.0",
        "escalade": "^3.0.2",
        "get-caller-file": "^2.0.5",
        "require-directory": "^2.1.1",
        "string-width": "^4.2.0",
        "y18n": "^5.0.1",
        "yargs-parser": "^20.0.0"
      }
    },
    "yargs-parser": {
      "version": "20.0.0",
      "resolved": "https://registry.npmjs.org/yargs-parser/-/yargs-parser-20.0.0.tgz",
      "integrity": "sha512-8eblPHTL7ZWRkyjIZJjnGf+TijiKJSwA24svzLRVvtgoi/RZiKa9fFQTrlx0OKLnyHSdt/enrdadji6WFfESVA=="
    }
  }
}
